
Microsoft Visual Studio Solution File, Format Version 12.00
Project("{FAE04EC0-301F-11D3-BF4B-00C04F79EFBC}") = "Dotnet.BugReport", "Dotnet.BugReport\Dotnet.BugReport.csproj", "{C9B776B2-2219-4C04-AE9D-72A915575675}"
EndProject
Global
	GlobalSection(SolutionConfigurationPlatforms) = preSolution
		Debug|Any CPU = Debug|Any CPU
		Release|Any CPU = Release|Any CPU
	EndGlobalSection
	GlobalSection(ProjectConfigurationPlatforms) = postSolution
		{C9B776B2-2219-4C04-AE9D-72A915575675}.Debug|Any CPU.ActiveCfg = Debug|Any CPU
		{C9B776B2-2219-4C04-AE9D-72A915575675}.Debug|Any CPU.Build.0 = Debug|Any CPU
		{C9B776B2-2219-4C04-AE9D-72A915575675}.Release|Any CPU.ActiveCfg = Release|Any CPU
		{C9B776B2-2219-4C04-AE9D-72A915575675}.Release|Any CPU.Build.0 = Release|Any CPU
	EndGlobalSection
EndGlobal
